{
    "hash": "82f5914608627a530e5c71ba6a4a916d",
    "packages": [
        {
            "name": "wscore/dbaccess",
            "version": "dev-master",
            "source": {
                "type": "git",
                "url": "https://github.com/asaokamei/WScore.DbAccess.git",
                "reference": "46f4b2968d51175ae89c0d5663d2e5e4d80adbc5"
            },
            "dist": {
                "type": "zip",
                "url": "https://api.github.com/repos/asaokamei/WScore.DbAccess/zipball/46f4b2968d51175ae89c0d5663d2e5e4d80adbc5",
                "reference": "46f4b2968d51175ae89c0d5663d2e5e4d80adbc5",
                "shasum": ""
            },
            "time": "2013-03-07 08:17:37",
            "type": "library",
            "autoload": {
                "psr-0": {
                    "WScore\\DbAccess": "src/"
                }
            },
            "notification-url": "https://packagist.org/downloads/",
            "authors": [
                {
                    "name": "Asao Kamei",
                    "email": "kamei@workspot.jp"
                }
            ],
            "description": "Database access and query builder."
        },
        {
            "name": "wscore/dicontainer",
            "version": "dev-master",
            "source": {
                "type": "git",
                "url": "https://github.com/asaokamei/WScore.DiContainer.git",
                "reference": "00c13b7190bf0521a30a1e3b7c071c2c770a36eb"
            },
            "dist": {
                "type": "zip",
                "url": "https://api.github.com/repos/asaokamei/WScore.DiContainer/zipball/00c13b7190bf0521a30a1e3b7c071c2c770a36eb",
                "reference": "00c13b7190bf0521a30a1e3b7c071c2c770a36eb",
                "shasum": ""
            },
            "time": "2013-02-23 00:28:51",
            "type": "library",
            "autoload": {
                "psr-0": {
                    "WScore\\DiContainer": "src/"
                }
            },
            "notification-url": "https://packagist.org/downloads/",
            "authors": [
                {
                    "name": "Asao Kamei",
                    "email": "kamei@workspot.jp"
                }
            ],
            "description": "Simple DI container with auto-wiring."
        },
        {
            "name": "wscore/html",
            "version": "dev-master",
            "source": {
                "type": "git",
                "url": "https://github.com/asaokamei/WScore.Html.git",
                "reference": "05a191885037e86a80509435127200909f5e4808"
            },
            "dist": {
                "type": "zip",
                "url": "https://api.github.com/repos/asaokamei/WScore.Html/zipball/05a191885037e86a80509435127200909f5e4808",
                "reference": "05a191885037e86a80509435127200909f5e4808",
                "shasum": ""
            },
            "time": "2013-03-06 22:06:28",
            "type": "library",
            "autoload": {
                "psr-0": {
                    "WScore\\Html": "src/"
                }
            },
            "notification-url": "https://packagist.org/downloads/",
            "authors": [
                {
                    "name": "Asao Kamei",
                    "email": "kamei@workspot.jp"
                }
            ],
            "description": "Html tag generator classes."
        },
        {
            "name": "wscore/validation",
            "version": "dev-master",
            "source": {
                "type": "git",
                "url": "https://github.com/asaokamei/WScore.Validation.git",
                "reference": "5d46d18be0495170579dfd1ccac82f109d0578ac"
            },
            "dist": {
                "type": "zip",
                "url": "https://api.github.com/repos/asaokamei/WScore.Validation/zipball/5d46d18be0495170579dfd1ccac82f109d0578ac",
                "reference": "5d46d18be0495170579dfd1ccac82f109d0578ac",
                "shasum": ""
            },
            "time": "2013-03-18 04:48:27",
            "type": "library",
            "autoload": {
                "psr-0": {
                    "WScore\\Validation": "src/"
                }
            },
            "notification-url": "https://packagist.org/downloads/",
            "authors": [
                {
                    "name": "Asao Kamei",
                    "email": "kamei@workspot.jp"
                }
            ],
            "description": "Validation and filtration for values such as form input."
        }
    ],
    "packages-dev": null,
    "aliases": [

    ],
    "minimum-stability": "dev",
    "stability-flags": {
        "wscore/dicontainer": 20,
        "wscore/html": 20,
        "wscore/dbaccess": 20,
        "wscore/validation": 20
    }
}
